# generated by rye
# use `rye lock` or `rye sync` to update this lockfile
#
# last locked with the following flags:
#   pre: false
#   features: []
#   all-features: false
#   with-sources: false
#   generate-hashes: false
#   universal: false

-e file:.
aiohappyeyeballs==2.4.0
    # via aiohttp
aiohttp==3.10.5
    # via downloader-cli
aiosignal==1.3.1
    # via aiohttp
attrs==24.2.0
    # via aiohttp
certifi==2024.7.4
    # via requests
charset-normalizer==3.3.2
    # via requests
click==8.1.7
    # via typer
frozenlist==1.4.1
    # via aiohttp
    # via aiosignal
idna==3.8
    # via requests
    # via yarl
ipaddress==1.0.23
    # via downloader-cli
markdown-it-py==3.0.0
    # via rich
mdurl==0.1.2
    # via markdown-it-py
multidict==6.0.5
    # via aiohttp
    # via yarl
prompt-toolkit==3.0.47
    # via downloader-cli
pyaml==24.7.0
    # via downloader-cli
pygments==2.18.0
    # via rich
python-dotenv==1.0.1
    # via downloader-cli
pyyaml==6.0.2
    # via pyaml
requests==2.32.3
    # via downloader-cli
rich==13.8.0
    # via typer
shellingham==1.5.4
    # via typer
toml==0.10.2
    # via downloader-cli
typer==0.12.5
    # via downloader-cli
typing-extensions==4.12.2
    # via typer
urllib3==2.2.2
    # via requests
watchdog==5.0.0
    # via downloader-cli
wcwidth==0.2.13
    # via prompt-toolkit
yarl==1.9.4
    # via aiohttp
